
Microsoft Visual Studio Solution File, Format Version 12.00
# Visual Studio 2013
VisualStudioVersion = 12.0.31101.0
MinimumVisualStudioVersion = 10.0.40219.1
Project("{8BC9CEB8-8B4A-11D0-8D11-00A0C91BC942}") = "FKSimpleServer", "FKSimpleServer\FKSimpleServer.vcxproj", "{354912E3-A3A4-4607-A3B9-DC8431D9F6EB}"
EndProject
Project("{8BC9CEB8-8B4A-11D0-8D11-00A0C91BC942}") = "NetworkSimulator", "NetworkSimulator\TCPIP.vcxproj", "{D921CABB-12B8-4E3D-BA4E-61BE6CBE187E}"
EndProject
Global
	GlobalSection(SolutionConfigurationPlatforms) = preSolution
		Debug|Win32 = Debug|Win32
		Release|Win32 = Release|Win32
	EndGlobalSection
	GlobalSection(ProjectConfigurationPlatforms) = postSolution
		{354912E3-A3A4-4607-A3B9-DC8431D9F6EB}.Debug|Win32.ActiveCfg = Debug|Win32
		{354912E3-A3A4-4607-A3B9-DC8431D9F6EB}.Debug|Win32.Build.0 = Debug|Win32
		{354912E3-A3A4-4607-A3B9-DC8431D9F6EB}.Release|Win32.ActiveCfg = Release|Win32
		{354912E3-A3A4-4607-A3B9-DC8431D9F6EB}.Release|Win32.Build.0 = Release|Win32
		{D921CABB-12B8-4E3D-BA4E-61BE6CBE187E}.Debug|Win32.ActiveCfg = Debug|Win32
		{D921CABB-12B8-4E3D-BA4E-61BE6CBE187E}.Debug|Win32.Build.0 = Debug|Win32
		{D921CABB-12B8-4E3D-BA4E-61BE6CBE187E}.Release|Win32.ActiveCfg = Release|Win32
		{D921CABB-12B8-4E3D-BA4E-61BE6CBE187E}.Release|Win32.Build.0 = Release|Win32
	EndGlobalSection
	GlobalSection(SolutionProperties) = preSolution
		HideSolutionNode = FALSE
	EndGlobalSection
EndGlobal
